# THIS IS AN AUTOGENERATED FILE. DO NOT EDIT THIS FILE DIRECTLY.
# yarn lockfile v1


cookie@^1.0.1:
  version "1.0.2"
  resolved "https://registry.yarnpkg.com/cookie/-/cookie-1.0.2.tgz#27360701532116bd3f1f9416929d176afe1e4610"
  integrity sha512-9Kr/j4O16ISv8zBBhJoi4bXOYNTkFLOqSL3UDB0njXxCXNezjeyVrJyGOWtgfs/q2km1gwBcfH8q1yEGoMYunA==

react-router-dom@^7.6.2:
  version "7.6.2"
  resolved "https://registry.yarnpkg.com/react-router-dom/-/react-router-dom-7.6.2.tgz#e97e386ab390b6503a2a7968124b7a3237fb10c7"
  integrity sha512-Q8zb6VlTbdYKK5JJBLQEN06oTUa/RAbG/oQS1auK1I0TbJOXktqm+QENEVJU6QvWynlXPRBXI3fiOQcSEA78rA==
  dependencies:
    react-router "7.6.2"

react-router@7.6.2:
  version "7.6.2"
  resolved "https://registry.yarnpkg.com/react-router/-/react-router-7.6.2.tgz#9f48b343bead7d0a94e28342fc4f9ae29131520e"
  integrity sha512-U7Nv3y+bMimgWjhlT5CRdzHPu2/KVmqPwKUCChW8en5P3znxUqwlYFlbmyj8Rgp1SF6zs5X4+77kBVknkg6a0w==
  dependencies:
    cookie "^1.0.1"
    set-cookie-parser "^2.6.0"

set-cookie-parser@^2.6.0:
  version "2.7.1"
  resolved "https://registry.yarnpkg.com/set-cookie-parser/-/set-cookie-parser-2.7.1.tgz#3016f150072202dfbe90fadee053573cc89d2943"
  integrity sha512-IOc8uWeOZgnb3ptbCURJWNjWUPcO3ZnTTdzsurqERrP6nPyv+paC55vJM0LpOlT2ne+Ix+9+CRG1MNLlyZ4GjQ==
